
Microsoft Visual Studio Solution File, Format Version 12.00
# Visual Studio 2013
VisualStudioVersion = 12.0.21005.1
MinimumVisualStudioVersion = 10.0.40219.1
Project("{E24C65DC-7377-472B-9ABA-BC803B73C61A}") = "WebSitesHIT(2)", "http://localhost:49727", "{0C6273BB-B4CC-4037-B0C3-5C7602C4C0A0}"
	ProjectSection(WebsiteProperties) = preProject
		UseIISExpress = "true"
		TargetFrameworkMoniker = ".NETFramework,Version%3Dv4.0"
		Debug.AspNetCompiler.VirtualPath = "/localhost_49727"
		Debug.AspNetCompiler.PhysicalPath = "..\WebSitesHIT\"
		Debug.AspNetCompiler.TargetPath = "PrecompiledWeb\localhost_49727\"
		Debug.AspNetCompiler.Updateable = "true"
		Debug.AspNetCompiler.ForceOverwrite = "true"
		Debug.AspNetCompiler.FixedNames = "false"
		Debug.AspNetCompiler.Debug = "True"
		Release.AspNetCompiler.VirtualPath = "/localhost_49727"
		Release.AspNetCompiler.PhysicalPath = "..\WebSitesHIT\"
		Release.AspNetCompiler.TargetPath = "PrecompiledWeb\localhost_49727\"
		Release.AspNetCompiler.Updateable = "true"
		Release.AspNetCompiler.ForceOverwrite = "true"
		Release.AspNetCompiler.FixedNames = "false"
		Release.AspNetCompiler.Debug = "False"
		SlnRelativePath = "..\WebSitesHIT\"
	EndProjectSection
EndProject
Global
	GlobalSection(SolutionConfigurationPlatforms) = preSolution
		Debug|Any CPU = Debug|Any CPU
	EndGlobalSection
	GlobalSection(ProjectConfigurationPlatforms) = postSolution
		{0C6273BB-B4CC-4037-B0C3-5C7602C4C0A0}.Debug|Any CPU.ActiveCfg = Debug|Any CPU
		{0C6273BB-B4CC-4037-B0C3-5C7602C4C0A0}.Debug|Any CPU.Build.0 = Debug|Any CPU
	EndGlobalSection
	GlobalSection(SolutionProperties) = preSolution
		HideSolutionNode = FALSE
	EndGlobalSection
EndGlobal
